
Microsoft Visual Studio Solution File, Format Version 12.00
# Visual Studio Version 17
VisualStudioVersion = 17.0.31903.59
MinimumVisualStudioVersion = 10.0.40219.1
Project("{2150E333-8FDC-42A3-9474-1A3956D46DE8}") = "src", "src", "{827E0CD3-B72D-47B6-A68D-7590B98EB39B}"
EndProject
Project("{FAE04EC0-301F-11D3-BF4B-00C04F79EFBC}") = "AtResourceGraph.AppView.Contracts", "src\AtResourceGraph.AppView.Contracts\AtResourceGraph.AppView.Contracts.csproj", "{8478DA9F-C71C-4FCF-8668-4BC0A8FB2BF1}"
EndProject
Project("{FAE04EC0-301F-11D3-BF4B-00C04F79EFBC}") = "AtResourceGraph.AppView.Application", "src\AtResourceGraph.AppView.Application\AtResourceGraph.AppView.Application.csproj", "{2E591600-B6C6-42D0-8D1F-9D0848818EBF}"
EndProject
Project("{FAE04EC0-301F-11D3-BF4B-00C04F79EFBC}") = "AtResourceGraph.AppView.Api", "src\AtResourceGraph.AppView.Api\AtResourceGraph.AppView.Api.csproj", "{BAEE9210-AE4C-4090-8688-B881E852B162}"
EndProject
Project("{FAE04EC0-301F-11D3-BF4B-00C04F79EFBC}") = "AtResourceGraph.Reader", "src\AtResourceGraph.Reader\AtResourceGraph.Reader.csproj", "{FE170442-E694-4FE2-8DEF-ED25D0D7944F}"
EndProject
Project("{FAE04EC0-301F-11D3-BF4B-00C04F79EFBC}") = "AtResourceGraph.Seed", "src\AtResourceGraph.Seed\AtResourceGraph.Seed.csproj", "{369156F2-FC23-42B6-914A-8B1B44D41899}"
EndProject
Project("{2150E333-8FDC-42A3-9474-1A3956D46DE8}") = "tests", "tests", "{0AB3BF05-4346-4AA6-1389-037BE0695223}"
EndProject
Project("{FAE04EC0-301F-11D3-BF4B-00C04F79EFBC}") = "AtResourceGraph.AppView.Tests", "tests\AtResourceGraph.AppView.Tests\AtResourceGraph.AppView.Tests.csproj", "{38338DBA-2C17-49E7-937E-EA08039C1AD8}"
EndProject
Global
	GlobalSection(SolutionConfigurationPlatforms) = preSolution
		Debug|Any CPU = Debug|Any CPU
		Debug|x64 = Debug|x64
		Debug|x86 = Debug|x86
		Release|Any CPU = Release|Any CPU
		Release|x64 = Release|x64
		Release|x86 = Release|x86
	EndGlobalSection
	GlobalSection(ProjectConfigurationPlatforms) = postSolution
		{8478DA9F-C71C-4FCF-8668-4BC0A8FB2BF1}.Debug|Any CPU.ActiveCfg = Debug|Any CPU
		{8478DA9F-C71C-4FCF-8668-4BC0A8FB2BF1}.Debug|Any CPU.Build.0 = Debug|Any CPU
		{8478DA9F-C71C-4FCF-8668-4BC0A8FB2BF1}.Debug|x64.ActiveCfg = Debug|Any CPU
		{8478DA9F-C71C-4FCF-8668-4BC0A8FB2BF1}.Debug|x64.Build.0 = Debug|Any CPU
		{8478DA9F-C71C-4FCF-8668-4BC0A8FB2BF1}.Debug|x86.ActiveCfg = Debug|Any CPU
		{8478DA9F-C71C-4FCF-8668-4BC0A8FB2BF1}.Debug|x86.Build.0 = Debug|Any CPU
		{8478DA9F-C71C-4FCF-8668-4BC0A8FB2BF1}.Release|Any CPU.ActiveCfg = Release|Any CPU
		{8478DA9F-C71C-4FCF-8668-4BC0A8FB2BF1}.Release|Any CPU.Build.0 = Release|Any CPU
		{8478DA9F-C71C-4FCF-8668-4BC0A8FB2BF1}.Release|x64.ActiveCfg = Release|Any CPU
		{8478DA9F-C71C-4FCF-8668-4BC0A8FB2BF1}.Release|x64.Build.0 = Release|Any CPU
		{8478DA9F-C71C-4FCF-8668-4BC0A8FB2BF1}.Release|x86.ActiveCfg = Release|Any CPU
		{8478DA9F-C71C-4FCF-8668-4BC0A8FB2BF1}.Release|x86.Build.0 = Release|Any CPU
		{2E591600-B6C6-42D0-8D1F-9D0848818EBF}.Debug|Any CPU.ActiveCfg = Debug|Any CPU
		{2E591600-B6C6-42D0-8D1F-9D0848818EBF}.Debug|Any CPU.Build.0 = Debug|Any CPU
		{2E591600-B6C6-42D0-8D1F-9D0848818EBF}.Debug|x64.ActiveCfg = Debug|Any CPU
		{2E591600-B6C6-42D0-8D1F-9D0848818EBF}.Debug|x64.Build.0 = Debug|Any CPU
		{2E591600-B6C6-42D0-8D1F-9D0848818EBF}.Debug|x86.ActiveCfg = Debug|Any CPU
		{2E591600-B6C6-42D0-8D1F-9D0848818EBF}.Debug|x86.Build.0 = Debug|Any CPU
		{2E591600-B6C6-42D0-8D1F-9D0848818EBF}.Release|Any CPU.ActiveCfg = Release|Any CPU
		{2E591600-B6C6-42D0-8D1F-9D0848818EBF}.Release|Any CPU.Build.0 = Release|Any CPU
		{2E591600-B6C6-42D0-8D1F-9D0848818EBF}.Release|x64.ActiveCfg = Release|Any CPU
		{2E591600-B6C6-42D0-8D1F-9D0848818EBF}.Release|x64.Build.0 = Release|Any CPU
		{2E591600-B6C6-42D0-8D1F-9D0848818EBF}.Release|x86.ActiveCfg = Release|Any CPU
		{2E591600-B6C6-42D0-8D1F-9D0848818EBF}.Release|x86.Build.0 = Release|Any CPU
		{BAEE9210-AE4C-4090-8688-B881E852B162}.Debug|Any CPU.ActiveCfg = Debug|Any CPU
		{BAEE9210-AE4C-4090-8688-B881E852B162}.Debug|Any CPU.Build.0 = Debug|Any CPU
		{BAEE9210-AE4C-4090-8688-B881E852B162}.Debug|x64.ActiveCfg = Debug|Any CPU
		{BAEE9210-AE4C-4090-8688-B881E852B162}.Debug|x64.Build.0 = Debug|Any CPU
		{BAEE9210-AE4C-4090-8688-B881E852B162}.Debug|x86.ActiveCfg = Debug|Any CPU
		{BAEE9210-AE4C-4090-8688-B881E852B162}.Debug|x86.Build.0 = Debug|Any CPU
		{BAEE9210-AE4C-4090-8688-B881E852B162}.Release|Any CPU.ActiveCfg = Release|Any CPU
		{BAEE9210-AE4C-4090-8688-B881E852B162}.Release|Any CPU.Build.0 = Release|Any CPU
		{BAEE9210-AE4C-4090-8688-B881E852B162}.Release|x64.ActiveCfg = Release|Any CPU
		{BAEE9210-AE4C-4090-8688-B881E852B162}.Release|x64.Build.0 = Release|Any CPU
		{BAEE9210-AE4C-4090-8688-B881E852B162}.Release|x86.ActiveCfg = Release|Any CPU
		{BAEE9210-AE4C-4090-8688-B881E852B162}.Release|x86.Build.0 = Release|Any CPU
		{FE170442-E694-4FE2-8DEF-ED25D0D7944F}.Debug|Any CPU.ActiveCfg = Debug|Any CPU
		{FE170442-E694-4FE2-8DEF-ED25D0D7944F}.Debug|Any CPU.Build.0 = Debug|Any CPU
		{FE170442-E694-4FE2-8DEF-ED25D0D7944F}.Debug|x64.ActiveCfg = Debug|Any CPU
		{FE170442-E694-4FE2-8DEF-ED25D0D7944F}.Debug|x64.Build.0 = Debug|Any CPU
		{FE170442-E694-4FE2-8DEF-ED25D0D7944F}.Debug|x86.ActiveCfg = Debug|Any CPU
		{FE170442-E694-4FE2-8DEF-ED25D0D7944F}.Debug|x86.Build.0 = Debug|Any CPU
		{FE170442-E694-4FE2-8DEF-ED25D0D7944F}.Release|Any CPU.ActiveCfg = Release|Any CPU
		{FE170442-E694-4FE2-8DEF-ED25D0D7944F}.Release|Any CPU.Build.0 = Release|Any CPU
		{FE170442-E694-4FE2-8DEF-ED25D0D7944F}.Release|x64.ActiveCfg = Release|Any CPU
		{FE170442-E694-4FE2-8DEF-ED25D0D7944F}.Release|x64.Build.0 = Release|Any CPU
		{FE170442-E694-4FE2-8DEF-ED25D0D7944F}.Release|x86.ActiveCfg = Release|Any CPU
		{FE170442-E694-4FE2-8DEF-ED25D0D7944F}.Release|x86.Build.0 = Release|Any CPU
		{369156F2-FC23-42B6-914A-8B1B44D41899}.Debug|Any CPU.ActiveCfg = Debug|Any CPU
		{369156F2-FC23-42B6-914A-8B1B44D41899}.Debug|Any CPU.Build.0 = Debug|Any CPU
		{369156F2-FC23-42B6-914A-8B1B44D41899}.Debug|x64.ActiveCfg = Debug|Any CPU
		{369156F2-FC23-42B6-914A-8B1B44D41899}.Debug|x64.Build.0 = Debug|Any CPU
		{369156F2-FC23-42B6-914A-8B1B44D41899}.Debug|x86.ActiveCfg = Debug|Any CPU
		{369156F2-FC23-42B6-914A-8B1B44D41899}.Debug|x86.Build.0 = Debug|Any CPU
		{369156F2-FC23-42B6-914A-8B1B44D41899}.Release|Any CPU.ActiveCfg = Release|Any CPU
		{369156F2-FC23-42B6-914A-8B1B44D41899}.Release|Any CPU.Build.0 = Release|Any CPU
		{369156F2-FC23-42B6-914A-8B1B44D41899}.Release|x64.ActiveCfg = Release|Any CPU
		{369156F2-FC23-42B6-914A-8B1B44D41899}.Release|x64.Build.0 = Release|Any CPU
		{369156F2-FC23-42B6-914A-8B1B44D41899}.Release|x86.ActiveCfg = Release|Any CPU
		{369156F2-FC23-42B6-914A-8B1B44D41899}.Release|x86.Build.0 = Release|Any CPU
		{38338DBA-2C17-49E7-937E-EA08039C1AD8}.Debug|Any CPU.ActiveCfg = Debug|Any CPU
		{38338DBA-2C17-49E7-937E-EA08039C1AD8}.Debug|Any CPU.Build.0 = Debug|Any CPU
		{38338DBA-2C17-49E7-937E-EA08039C1AD8}.Debug|x64.ActiveCfg = Debug|Any CPU
		{38338DBA-2C17-49E7-937E-EA08039C1AD8}.Debug|x64.Build.0 = Debug|Any CPU
		{38338DBA-2C17-49E7-937E-EA08039C1AD8}.Debug|x86.ActiveCfg = Debug|Any CPU
		{38338DBA-2C17-49E7-937E-EA08039C1AD8}.Debug|x86.Build.0 = Debug|Any CPU
		{38338DBA-2C17-49E7-937E-EA08039C1AD8}.Release|Any CPU.ActiveCfg = Release|Any CPU
		{38338DBA-2C17-49E7-937E-EA08039C1AD8}.Release|Any CPU.Build.0 = Release|Any CPU
		{38338DBA-2C17-49E7-937E-EA08039C1AD8}.Release|x64.ActiveCfg = Release|Any CPU
		{38338DBA-2C17-49E7-937E-EA08039C1AD8}.Release|x64.Build.0 = Release|Any CPU
		{38338DBA-2C17-49E7-937E-EA08039C1AD8}.Release|x86.ActiveCfg = Release|Any CPU
		{38338DBA-2C17-49E7-937E-EA08039C1AD8}.Release|x86.Build.0 = Release|Any CPU
	EndGlobalSection
	GlobalSection(SolutionProperties) = preSolution
		HideSolutionNode = FALSE
	EndGlobalSection
	GlobalSection(NestedProjects) = preSolution
		{8478DA9F-C71C-4FCF-8668-4BC0A8FB2BF1} = {827E0CD3-B72D-47B6-A68D-7590B98EB39B}
		{2E591600-B6C6-42D0-8D1F-9D0848818EBF} = {827E0CD3-B72D-47B6-A68D-7590B98EB39B}
		{BAEE9210-AE4C-4090-8688-B881E852B162} = {827E0CD3-B72D-47B6-A68D-7590B98EB39B}
		{FE170442-E694-4FE2-8DEF-ED25D0D7944F} = {827E0CD3-B72D-47B6-A68D-7590B98EB39B}
		{369156F2-FC23-42B6-914A-8B1B44D41899} = {827E0CD3-B72D-47B6-A68D-7590B98EB39B}
		{38338DBA-2C17-49E7-937E-EA08039C1AD8} = {0AB3BF05-4346-4AA6-1389-037BE0695223}
	EndGlobalSection
EndGlobal
